
Microsoft Visual Studio Solution File, Format Version 12.00
# Visual Studio Version 16
VisualStudioVersion = 16.0.30011.22
MinimumVisualStudioVersion = 10.0.40219.1
Project("{8BC9CEB8-8B4A-11D0-8D11-00A0C91BC942}") = "programing3_9", "programing3_9\programing3_9.vcxproj", "{D7049490-A84B-443F-9E82-B16479E49E9D}"
EndProject
Global
	GlobalSection(SolutionConfigurationPlatforms) = preSolution
		Debug|x64 = Debug|x64
		Debug|x86 = Debug|x86
		Release|x64 = Release|x64
		Release|x86 = Release|x86
	EndGlobalSection
	GlobalSection(ProjectConfigurationPlatforms) = postSolution
		{D7049490-A84B-443F-9E82-B16479E49E9D}.Debug|x64.ActiveCfg = Debug|x64
		{D7049490-A84B-443F-9E82-B16479E49E9D}.Debug|x64.Build.0 = Debug|x64
		{D7049490-A84B-443F-9E82-B16479E49E9D}.Debug|x86.ActiveCfg = Debug|Win32
		{D7049490-A84B-443F-9E82-B16479E49E9D}.Debug|x86.Build.0 = Debug|Win32
		{D7049490-A84B-443F-9E82-B16479E49E9D}.Release|x64.ActiveCfg = Release|x64
		{D7049490-A84B-443F-9E82-B16479E49E9D}.Release|x64.Build.0 = Release|x64
		{D7049490-A84B-443F-9E82-B16479E49E9D}.Release|x86.ActiveCfg = Release|Win32
		{D7049490-A84B-443F-9E82-B16479E49E9D}.Release|x86.Build.0 = Release|Win32
	EndGlobalSection
	GlobalSection(SolutionProperties) = preSolution
		HideSolutionNode = FALSE
	EndGlobalSection
	GlobalSection(ExtensibilityGlobals) = postSolution
		SolutionGuid = {97F0AA24-8B05-4C2B-8493-0EF0D7A792CE}
	EndGlobalSection
EndGlobal
